// !$*UTF8*$!
{
	archiveVersion = 1;
	classes = {
	};
	objectVersion = 50;
	objects = {

/* Begin PBXBuildFile section */
		2C17D066231AE60C00044182 /* AppDelegate.swift in Sources */ = {isa = PBXBuildFile; fileRef = 2C17D065231AE60C00044182 /* AppDelegate.swift */; };
		2C17D070231AE60D00044182 /* LaunchScreen.storyboard in Resources */ = {isa = PBXBuildFile; fileRef = 2C17D06E231AE60D00044182 /* LaunchScreen.storyboard */; };
		2C17D078231AE62000044182 /* Main.storyboard in Resources */ = {isa = PBXBuildFile; fileRef = 2C17D077231AE62000044182 /* Main.storyboard */; };
		2C17D07A231AE62900044182 /* Assets.xcassets in Resources */ = {isa = PBXBuildFile; fileRef = 2C17D079231AE62900044182 /* Assets.xcassets */; };
		2C17D085231AE69700044182 /* ViewController.swift in Sources */ = {isa = PBXBuildFile; fileRef = 2C17D084231AE69700044182 /* ViewController.swift */; };
		2C17D089231AE6AA00044182 /* ImageTableViewCell.swift in Sources */ = {isa = PBXBuildFile; fileRef = 2C17D087231AE6AA00044182 /* ImageTableViewCell.swift */; };
		2C17D08A231AE6AA00044182 /* HeaderTableViewVC.swift in Sources */ = {isa = PBXBuildFile; fileRef = 2C17D088231AE6AA00044182 /* HeaderTableViewVC.swift */; };
		2C17D08E231AE6BA00044182 /* CategoryHeaderView.swift in Sources */ = {isa = PBXBuildFile; fileRef = 2C17D08C231AE6B900044182 /* CategoryHeaderView.swift */; };
		2C17D08F231AE6BA00044182 /* CollapseHeaderViewVC.swift in Sources */ = {isa = PBXBuildFile; fileRef = 2C17D08D231AE6BA00044182 /* CollapseHeaderViewVC.swift */; };
		2C17D094231AE6CA00044182 /* HeaderView.swift in Sources */ = {isa = PBXBuildFile; fileRef = 2C17D091231AE6CA00044182 /* HeaderView.swift */; };
		2C17D095231AE6CA00044182 /* StretchyHeaderLayout.swift in Sources */ = {isa = PBXBuildFile; fileRef = 2C17D092231AE6CA00044182 /* StretchyHeaderLayout.swift */; };
		2C17D096231AE6CA00044182 /* StretchyHeaderVC.swift in Sources */ = {isa = PBXBuildFile; fileRef = 2C17D093231AE6CA00044182 /* StretchyHeaderVC.swift */; };
/* End PBXBuildFile section */

/* Begin PBXFileReference section */
		2C17D062231AE60C00044182 /* CustomHeaderView.app */ = {isa = PBXFileReference; explicitFileType = wrapper.application; includeInIndex = 0; path = CustomHeaderView.app; sourceTree = BUILT_PRODUCTS_DIR; };
		2C17D065231AE60C00044182 /* AppDelegate.swift */ = {isa = PBXFileReference; lastKnownFileType = sourcecode.swift; path = AppDelegate.swift; sourceTree = "<group>"; };
		2C17D06F231AE60D00044182 /* Base */ = {isa = PBXFileReference; lastKnownFileType = file.storyboard; name = Base; path = Base.lproj/LaunchScreen.storyboard; sourceTree = "<group>"; };
		2C17D071231AE60D00044182 /* Info.plist */ = {isa = PBXFileReference; lastKnownFileType = text.plist.xml; path = Info.plist; sourceTree = "<group>"; };
		2C17D077231AE62000044182 /* Main.storyboard */ = {isa = PBXFileReference; fileEncoding = 4; lastKnownFileType = file.storyboard; path = Main.storyboard; sourceTree = "<group>"; };
		2C17D079231AE62900044182 /* Assets.xcassets */ = {isa = PBXFileReference; lastKnownFileType = folder.assetcatalog; path = Assets.xcassets; sourceTree = "<group>"; };
		2C17D084231AE69700044182 /* ViewController.swift */ = {isa = PBXFileReference; fileEncoding = 4; lastKnownFileType = sourcecode.swift; path = ViewController.swift; sourceTree = "<group>"; };
		2C17D087231AE6AA00044182 /* ImageTableViewCell.swift */ = {isa = PBXFileReference; fileEncoding = 4; lastKnownFileType = sourcecode.swift; path = ImageTableViewCell.swift; sourceTree = "<group>"; };
		2C17D088231AE6AA00044182 /* HeaderTableViewVC.swift */ = {isa = PBXFileReference; fileEncoding = 4; lastKnownFileType = sourcecode.swift; path = HeaderTableViewVC.swift; sourceTree = "<group>"; };
		2C17D08C231AE6B900044182 /* CategoryHeaderView.swift */ = {isa = PBXFileReference; fileEncoding = 4; lastKnownFileType = sourcecode.swift; path = CategoryHeaderView.swift; sourceTree = "<group>"; };
		2C17D08D231AE6BA00044182 /* CollapseHeaderViewVC.swift */ = {isa = PBXFileReference; fileEncoding = 4; lastKnownFileType = sourcecode.swift; path = CollapseHeaderViewVC.swift; sourceTree = "<group>"; };
		2C17D091231AE6CA00044182 /* HeaderView.swift */ = {isa = PBXFileReference; fileEncoding = 4; lastKnownFileType = sourcecode.swift; path = HeaderView.swift; sourceTree = "<group>"; };
		2C17D092231AE6CA00044182 /* StretchyHeaderLayout.swift */ = {isa = PBXFileReference; fileEncoding = 4; lastKnownFileType = sourcecode.swift; path = StretchyHeaderLayout.swift; sourceTree = "<group>"; };
		2C17D093231AE6CA00044182 /* StretchyHeaderVC.swift */ = {isa = PBXFileReference; fileEncoding = 4; lastKnownFileType = sourcecode.swift; path = StretchyHeaderVC.swift; sourceTree = "<group>"; };
/* End PBXFileReference section */

/* Begin PBXFrameworksBuildPhase section */
		2C17D05F231AE60C00044182 /* Frameworks */ = {
			isa = PBXFrameworksBuildPhase;
			buildActionMask = 2147483647;
			files = (
			);
			runOnlyForDeploymentPostprocessing = 0;
		};
/* End PBXFrameworksBuildPhase section */

/* Begin PBXGroup section */
		2C17D059231AE60C00044182 = {
			isa = PBXGroup;
			children = (
				2C17D064231AE60C00044182 /* CustomHeaderView */,
				2C17D063231AE60C00044182 /* Products */,
			);
			sourceTree = "<group>";
		};
		2C17D063231AE60C00044182 /* Products */ = {
			isa = PBXGroup;
			children = (
				2C17D062231AE60C00044182 /* CustomHeaderView.app */,
			);
			name = Products;
			sourceTree = "<group>";
		};
		2C17D064231AE60C00044182 /* CustomHeaderView */ = {
			isa = PBXGroup;
			children = (
				2C17D090231AE6BE00044182 /* fourthHeader */,
				2C17D08B231AE6AC00044182 /* thirdHeader */,
				2C17D086231AE69C00044182 /* secondHeader */,
				2C17D083231AE68B00044182 /* firstHeader */,
				2C17D065231AE60C00044182 /* AppDelegate.swift */,
				2C17D077231AE62000044182 /* Main.storyboard */,
				2C17D079231AE62900044182 /* Assets.xcassets */,
				2C17D06E231AE60D00044182 /* LaunchScreen.storyboard */,
				2C17D071231AE60D00044182 /* Info.plist */,
			);
			path = CustomHeaderView;
			sourceTree = "<group>";
		};
		2C17D083231AE68B00044182 /* firstHeader */ = {
			isa = PBXGroup;
			children = (
				2C17D084231AE69700044182 /* ViewController.swift */,
			);
			path = firstHeader;
			sourceTree = "<group>";
		};
		2C17D086231AE69C00044182 /* secondHeader */ = {
			isa = PBXGroup;
			children = (
				2C17D088231AE6AA00044182 /* HeaderTableViewVC.swift */,
				2C17D087231AE6AA00044182 /* ImageTableViewCell.swift */,
			);
			path = secondHeader;
			sourceTree = "<group>";
		};
		2C17D08B231AE6AC00044182 /* thirdHeader */ = {
			isa = PBXGroup;
			children = (
				2C17D08D231AE6BA00044182 /* CollapseHeaderViewVC.swift */,
				2C17D08C231AE6B900044182 /* CategoryHeaderView.swift */,
			);
			path = thirdHeader;
			sourceTree = "<group>";
		};
		2C17D090231AE6BE00044182 /* fourthHeader */ = {
			isa = PBXGroup;
			children = (
				2C17D091231AE6CA00044182 /* HeaderView.swift */,
				2C17D092231AE6CA00044182 /* StretchyHeaderLayout.swift */,
				2C17D093231AE6CA00044182 /* StretchyHeaderVC.swift */,
			);
			path = fourthHeader;
			sourceTree = "<group>";
		};
/* End PBXGroup section */

/* Begin PBXNativeTarget section */
		2C17D061231AE60C00044182 /* CustomHeaderView */ = {
			isa = PBXNativeTarget;
			buildConfigurationList = 2C17D074231AE60D00044182 /* Build configuration list for PBXNativeTarget "CustomHeaderView" */;
			buildPhases = (
				2C17D05E231AE60C00044182 /* Sources */,
				2C17D05F231AE60C00044182 /* Frameworks */,
				2C17D060231AE60C00044182 /* Resources */,
			);
			buildRules = (
			);
			dependencies = (
			);
			name = CustomHeaderView;
			productName = CustomHeaderView;
			productReference = 2C17D062231AE60C00044182 /* CustomHeaderView.app */;
			productType = "com.apple.product-type.application";
		};
/* End PBXNativeTarget section */

/* Begin PBXProject section */
		2C17D05A231AE60C00044182 /* Project object */ = {
			isa = PBXProject;
			attributes = {
				LastSwiftUpdateCheck = 1020;
				LastUpgradeCheck = 1020;
				ORGANIZATIONNAME = "yusef naser";
				TargetAttributes = {
					2C17D061231AE60C00044182 = {
						CreatedOnToolsVersion = 10.2.1;
					};
				};
			};
			buildConfigurationList = 2C17D05D231AE60C00044182 /* Build configuration list for PBXProject "CustomHeaderView" */;
			compatibilityVersion = "Xcode 9.3";
			developmentRegion = en;
			hasScannedForEncodings = 0;
			knownRegions = (
				en,
				Base,
			);
			mainGroup = 2C17D059231AE60C00044182;
			productRefGroup = 2C17D063231AE60C00044182 /* Products */;
			projectDirPath = "";
			projectRoot = "";
			targets = (
				2C17D061231AE60C00044182 /* CustomHeaderView */,
			);
		};
/* End PBXProject section */

/* Begin PBXResourcesBuildPhase section */
		2C17D060231AE60C00044182 /* Resources */ = {
			isa = PBXResourcesBuildPhase;
			buildActionMask = 2147483647;
			files = (
				2C17D078231AE62000044182 /* Main.storyboard in Resources */,
				2C17D07A231AE62900044182 /* Assets.xcassets in Resources */,
				2C17D070231AE60D00044182 /* LaunchScreen.storyboard in Resources */,
			);
			runOnlyForDeploymentPostprocessing = 0;
		};
/* End PBXResourcesBuildPhase section */

/* Begin PBXSourcesBuildPhase section */
		2C17D05E231AE60C00044182 /* Sources */ = {
			isa = PBXSourcesBuildPhase;
			buildActionMask = 2147483647;
			files = (
				2C17D089231AE6AA00044182 /* ImageTableViewCell.swift in Sources */,
				2C17D08E231AE6BA00044182 /* CategoryHeaderView.swift in Sources */,
				2C17D095231AE6CA00044182 /* StretchyHeaderLayout.swift in Sources */,
				2C17D085231AE69700044182 /* ViewController.swift in Sources */,
				2C17D066231AE60C00044182 /* AppDelegate.swift in Sources */,
				2C17D096231AE6CA00044182 /* StretchyHeaderVC.swift in Sources */,
				2C17D08A231AE6AA00044182 /* HeaderTableViewVC.swift in Sources */,
				2C17D08F231AE6BA00044182 /* CollapseHeaderViewVC.swift in Sources */,
				2C17D094231AE6CA00044182 /* HeaderView.swift in Sources */,
			);
			runOnlyForDeploymentPostprocessing = 0;
		};
/* End PBXSourcesBuildPhase section */

/* Begin PBXVariantGroup section */
		2C17D06E231AE60D00044182 /* LaunchScreen.storyboard */ = {
			isa = PBXVariantGroup;
			children = (
				2C17D06F231AE60D00044182 /* Base */,
			);
			name = LaunchScreen.storyboard;
			sourceTree = "<group>";
		};
/* End PBXVariantGroup section */

/* Begin XCBuildConfiguration section */
		2C17D072231AE60D00044182 /* Debug */ = {
			isa = XCBuildConfiguration;
			buildSettings = {
				ALWAYS_SEARCH_USER_PATHS = NO;
				CLANG_ANALYZER_NONNULL = YES;
				CLANG_ANALYZER_NUMBER_OBJECT_CONVERSION = YES_AGGRESSIVE;
				CLANG_CXX_LANGUAGE_STANDARD = "gnu++14";
				CLANG_CXX_LIBRARY = "libc++";
				CLANG_ENABLE_MODULES = YES;
				CLANG_ENABLE_OBJC_ARC = YES;
				CLANG_ENABLE_OBJC_WEAK = YES;
				CLANG_WARN_BLOCK_CAPTURE_AUTORELEASING = YES;
				CLANG_WARN_BOOL_CONVERSION = YES;
				CLANG_WARN_COMMA = YES;
				CLANG_WARN_CONSTANT_CONVERSION = YES;
				CLANG_WARN_DEPRECATED_OBJC_IMPLEMENTATIONS = YES;
				CLANG_WARN_DIRECT_OBJC_ISA_USAGE = YES_ERROR;
				CLANG_WARN_DOCUMENTATION_COMMENTS = YES;
				CLANG_WARN_EMPTY_BODY = YES;
				CLANG_WARN_ENUM_CONVERSION = YES;
				CLANG_WARN_INFINITE_RECURSION = YES;
				CLANG_WARN_INT_CONVERSION = YES;
				CLANG_WARN_NON_LITERAL_NULL_CONVERSION = YES;
				CLANG_WARN_OBJC_IMPLICIT_RETAIN_SELF = YES;
				CLANG_WARN_OBJC_LITERAL_CONVERSION = YES;
				CLANG_WARN_OBJC_ROOT_CLASS = YES_ERROR;
				CLANG_WARN_RANGE_LOOP_ANALYSIS = YES;
				CLANG_WARN_STRICT_PROTOTYPES = YES;
				CLANG_WARN_SUSPICIOUS_MOVE = YES;
				CLANG_WARN_UNGUARDED_AVAILABILITY = YES_AGGRESSIVE;
				CLANG_WARN_UNREACHABLE_CODE = YES;
				CLANG_WARN__DUPLICATE_METHOD_MATCH = YES;
				CODE_SIGN_IDENTITY = "iPhone Developer";
				COPY_PHASE_STRIP = NO;
				DEBUG_INFORMATION_FORMAT = dwarf;
				ENABLE_STRICT_OBJC_MSGSEND = YES;
				ENABLE_TESTABILITY = YES;
				GCC_C_LANGUAGE_STANDARD = gnu11;
				GCC_DYNAMIC_NO_PIC = NO;
				GCC_NO_COMMON_BLOCKS = YES;
				GCC_OPTIMIZATION_LEVEL = 0;
				GCC_PREPROCESSOR_DEFINITIONS = (
					"DEBUG=1",
					"$(inherited)",
				);
				GCC_WARN_64_TO_32_BIT_CONVERSION = YES;
				GCC_WARN_ABOUT_RETURN_TYPE = YES_ERROR;
				GCC_WARN_UNDECLARED_SELECTOR = YES;
				GCC_WARN_UNINITIALIZED_AUTOS = YES_AGGRESSIVE;
				GCC_WARN_UNUSED_FUNCTION = YES;
				GCC_WARN_UNUSED_VARIABLE = YES;
				IPHONEOS_DEPLOYMENT_TARGET = 12.2;
				MTL_ENABLE_DEBUG_INFO = INCLUDE_SOURCE;
				MTL_FAST_MATH = YES;
				ONLY_ACTIVE_ARCH = YES;
				SDKROOT = iphoneos;
				SWIFT_ACTIVE_COMPILATION_CONDITIONS = DEBUG;
				SWIFT_OPTIMIZATION_LEVEL = "-Onone";
			};
			name = Debug;
		};
		2C17D073231AE60D00044182 /* Release */ = {
			isa = XCBuildConfiguration;
			buildSettings = {
				ALWAYS_SEARCH_USER_PATHS = NO;
				CLANG_ANALYZER_NONNULL = YES;
				CLANG_ANALYZER_NUMBER_OBJECT_CONVERSION = YES_AGGRESSIVE;
				CLANG_CXX_LANGUAGE_STANDARD = "gnu++14";
				CLANG_CXX_LIBRARY = "libc++";
				CLANG_ENABLE_MODULES = YES;
				CLANG_ENABLE_OBJC_ARC = YES;
				CLANG_ENABLE_OBJC_WEAK = YES;
				CLANG_WARN_BLOCK_CAPTURE_AUTORELEASING = YES;
				CLANG_WARN_BOOL_CONVERSION = YES;
				CLANG_WARN_COMMA = YES;
				CLANG_WARN_CONSTANT_CONVERSION = YES;
				CLANG_WARN_DEPRECATED_OBJC_IMPLEMENTATIONS = YES;
				CLANG_WARN_DIRECT_OBJC_ISA_USAGE = YES_ERROR;
				CLANG_WARN_DOCUMENTATION_COMMENTS = YES;
				CLANG_WARN_EMPTY_BODY = YES;
				CLANG_WARN_ENUM_CONVERSION = YES;
				CLANG_WARN_INFINITE_RECURSION = YES;
				CLANG_WARN_INT_CONVERSION = YES;
				CLANG_WARN_NON_LITERAL_NULL_CONVERSION = YES;
				CLANG_WARN_OBJC_IMPLICIT_RETAIN_SELF = YES;
				CLANG_WARN_OBJC_LITERAL_CONVERSION = YES;
				CLANG_WARN_OBJC_ROOT_CLASS = YES_ERROR;
				CLANG_WARN_RANGE_LOOP_ANALYSIS = YES;
				CLANG_WARN_STRICT_PROTOTYPES = YES;
				CLANG_WARN_SUSPICIOUS_MOVE = YES;
				CLANG_WARN_UNGUARDED_AVAILABILITY = YES_AGGRESSIVE;
				CLANG_WARN_UNREACHABLE_CODE = YES;
				CLANG_WARN__DUPLICATE_METHOD_MATCH = YES;
				CODE_SIGN_IDENTITY = "iPhone Developer";
				COPY_PHASE_STRIP = NO;
				DEBUG_INFORMATION_FORMAT = "dwarf-with-dsym";
				ENABLE_NS_ASSERTIONS = NO;
				ENABLE_STRICT_OBJC_MSGSEND = YES;
				GCC_C_LANGUAGE_STANDARD = gnu11;
				GCC_NO_COMMON_BLOCKS = YES;
				GCC_WARN_64_TO_32_BIT_CONVERSION = YES;
				GCC_WARN_ABOUT_RETURN_TYPE = YES_ERROR;
				GCC_WARN_UNDECLARED_SELECTOR = YES;
				GCC_WARN_UNINITIALIZED_AUTOS = YES_AGGRESSIVE;
				GCC_WARN_UNUSED_FUNCTION = YES;
				GCC_WARN_UNUSED_VARIABLE = YES;
				IPHONEOS_DEPLOYMENT_TARGET = 12.2;
				MTL_ENABLE_DEBUG_INFO = NO;
				MTL_FAST_MATH = YES;
				SDKROOT = iphoneos;
				SWIFT_COMPILATION_MODE = wholemodule;
				SWIFT_OPTIMIZATION_LEVEL = "-O";
				VALIDATE_PRODUCT = YES;
			};
			name = Release;
		};
		2C17D075231AE60D00044182 /* Debug */ = {
			isa = XCBuildConfiguration;
			buildSettings = {
				ASSETCATALOG_COMPILER_APPICON_NAME = AppIcon;
				CODE_SIGN_STYLE = Automatic;
				INFOPLIST_FILE = CustomHeaderView/Info.plist;
				LD_RUNPATH_SEARCH_PATHS = (
					"$(inherited)",
					"@executable_path/Frameworks",
				);
				PRODUCT_BUNDLE_IDENTIFIER = "yu-de.CustomHeaderView";
				PRODUCT_NAME = "$(TARGET_NAME)";
				SWIFT_VERSION = 5.0;
				TARGETED_DEVICE_FAMILY = "1,2";
			};
			name = Debug;
		};
		2C17D076231AE60D00044182 /* Release */ = {
			isa = XCBuildConfiguration;
			buildSettings = {
				ASSETCATALOG_COMPILER_APPICON_NAME = AppIcon;
				CODE_SIGN_STYLE = Automatic;
				INFOPLIST_FILE = CustomHeaderView/Info.plist;
				LD_RUNPATH_SEARCH_PATHS = (
					"$(inherited)",
					"@executable_path/Frameworks",
				);
				PRODUCT_BUNDLE_IDENTIFIER = "yu-de.CustomHeaderView";
				PRODUCT_NAME = "$(TARGET_NAME)";
				SWIFT_VERSION = 5.0;
				TARGETED_DEVICE_FAMILY = "1,2";
			};
			name = Release;
		};
/* End XCBuildConfiguration section */

/* Begin XCConfigurationList section */
		2C17D05D231AE60C00044182 /* Build configuration list for PBXProject "CustomHeaderView" */ = {
			isa = XCConfigurationList;
			buildConfigurations = (
				2C17D072231AE60D00044182 /* Debug */,
				2C17D073231AE60D00044182 /* Release */,
			);
			defaultConfigurationIsVisible = 0;
			defaultConfigurationName = Release;
		};
		2C17D074231AE60D00044182 /* Build configuration list for PBXNativeTarget "CustomHeaderView" */ = {
			isa = XCConfigurationList;
			buildConfigurations = (
				2C17D075231AE60D00044182 /* Debug */,
				2C17D076231AE60D00044182 /* Release */,
			);
			defaultConfigurationIsVisible = 0;
			defaultConfigurationName = Release;
		};
/* End XCConfigurationList section */
	};
	rootObject = 2C17D05A231AE60C00044182 /* Project object */;
}
